
Microsoft Visual Studio Solution File, Format Version 12.00
# Visual Studio 15
VisualStudioVersion = 15.0.28307.645
MinimumVisualStudioVersion = 10.0.40219.1
Project("{FAE04EC0-301F-11D3-BF4B-00C04F79EFBC}") = "BusinessPartnerSpecialPrice", "BusinessPartnerSpecialPrice\BusinessPartnerSpecialPrice.csproj", "{0C596C50-59DF-4137-86C1-6DDB01FF837E}"
EndProject
Global
	GlobalSection(SolutionConfigurationPlatforms) = preSolution
		Debug|Any CPU = Debug|Any CPU
		Debug|x86 = Debug|x86
		Release|Any CPU = Release|Any CPU
		Release|x86 = Release|x86
	EndGlobalSection
	GlobalSection(ProjectConfigurationPlatforms) = postSolution
		{0C596C50-59DF-4137-86C1-6DDB01FF837E}.Debug|Any CPU.ActiveCfg = Debug|Any CPU
		{0C596C50-59DF-4137-86C1-6DDB01FF837E}.Debug|Any CPU.Build.0 = Debug|Any CPU
		{0C596C50-59DF-4137-86C1-6DDB01FF837E}.Debug|x86.ActiveCfg = Debug|x86
		{0C596C50-59DF-4137-86C1-6DDB01FF837E}.Debug|x86.Build.0 = Debug|x86
		{0C596C50-59DF-4137-86C1-6DDB01FF837E}.Release|Any CPU.ActiveCfg = Release|Any CPU
		{0C596C50-59DF-4137-86C1-6DDB01FF837E}.Release|Any CPU.Build.0 = Release|Any CPU
		{0C596C50-59DF-4137-86C1-6DDB01FF837E}.Release|x86.ActiveCfg = Release|x86
		{0C596C50-59DF-4137-86C1-6DDB01FF837E}.Release|x86.Build.0 = Release|x86
	EndGlobalSection
	GlobalSection(SolutionProperties) = preSolution
		HideSolutionNode = FALSE
	EndGlobalSection
	GlobalSection(ExtensibilityGlobals) = postSolution
		SolutionGuid = {F61BED0A-1633-4788-832A-8EBF32F86EAC}
	EndGlobalSection
EndGlobal
